
Microsoft Visual Studio Solution File, Format Version 12.00
# Visual Studio Version 17
VisualStudioVersion = 17.14.37203.1 d17.14
MinimumVisualStudioVersion = 10.0.40219.1
Project("{FAE04EC0-301F-11D3-BF4B-00C04F79EFBC}") = "RieltorCRM", "RieltorCRM\RieltorCRM.csproj", "{27977C9B-5250-47CB-991E-52E588CCC837}"
EndProject
Global
	GlobalSection(SolutionConfigurationPlatforms) = preSolution
		Debug|Any CPU = Debug|Any CPU
		Release|Any CPU = Release|Any CPU
	EndGlobalSection
	GlobalSection(ProjectConfigurationPlatforms) = postSolution
		{27977C9B-5250-47CB-991E-52E588CCC837}.Debug|Any CPU.ActiveCfg = Debug|Any CPU
		{27977C9B-5250-47CB-991E-52E588CCC837}.Debug|Any CPU.Build.0 = Debug|Any CPU
		{27977C9B-5250-47CB-991E-52E588CCC837}.Release|Any CPU.ActiveCfg = Release|Any CPU
		{27977C9B-5250-47CB-991E-52E588CCC837}.Release|Any CPU.Build.0 = Release|Any CPU
	EndGlobalSection
	GlobalSection(SolutionProperties) = preSolution
		HideSolutionNode = FALSE
	EndGlobalSection
	GlobalSection(ExtensibilityGlobals) = postSolution
		SolutionGuid = {C6E8FA0B-10ED-4C87-B650-6CA906031C4F}
	EndGlobalSection
EndGlobal
